
Microsoft Visual Studio Solution File, Format Version 12.00
# Visual Studio Version 16
VisualStudioVersion = 16.0.30523.141
MinimumVisualStudioVersion = 10.0.40219.1
Project("{FAE04EC0-301F-11D3-BF4B-00C04F79EFBC}") = "eRaceProject", "eRaceProject\eRaceProject.csproj", "{7B1A72CF-FEC9-4A37-A62F-CE25980FD34D}"
EndProject
Project("{FAE04EC0-301F-11D3-BF4B-00C04F79EFBC}") = "eRaceSystem", "eRaceSystem\eRaceSystem.csproj", "{02A40DE6-1585-46B7-8A36-A8157AF1AE6D}"
EndProject
Global
	GlobalSection(SolutionConfigurationPlatforms) = preSolution
		Debug|Any CPU = Debug|Any CPU
		Release|Any CPU = Release|Any CPU
	EndGlobalSection
	GlobalSection(ProjectConfigurationPlatforms) = postSolution
		{7B1A72CF-FEC9-4A37-A62F-CE25980FD34D}.Debug|Any CPU.ActiveCfg = Debug|Any CPU
		{7B1A72CF-FEC9-4A37-A62F-CE25980FD34D}.Debug|Any CPU.Build.0 = Debug|Any CPU
		{7B1A72CF-FEC9-4A37-A62F-CE25980FD34D}.Release|Any CPU.ActiveCfg = Release|Any CPU
		{7B1A72CF-FEC9-4A37-A62F-CE25980FD34D}.Release|Any CPU.Build.0 = Release|Any CPU
		{02A40DE6-1585-46B7-8A36-A8157AF1AE6D}.Debug|Any CPU.ActiveCfg = Debug|Any CPU
		{02A40DE6-1585-46B7-8A36-A8157AF1AE6D}.Debug|Any CPU.Build.0 = Debug|Any CPU
		{02A40DE6-1585-46B7-8A36-A8157AF1AE6D}.Release|Any CPU.ActiveCfg = Release|Any CPU
		{02A40DE6-1585-46B7-8A36-A8157AF1AE6D}.Release|Any CPU.Build.0 = Release|Any CPU
	EndGlobalSection
	GlobalSection(SolutionProperties) = preSolution
		HideSolutionNode = FALSE
	EndGlobalSection
	GlobalSection(ExtensibilityGlobals) = postSolution
		SolutionGuid = {9EE4389A-47BC-4C5B-8F3C-B6F3E6CB209E}
	EndGlobalSection
EndGlobal
